# This file is automatically @generated by Cargo.
# It is not intended for manual editing.
version = 4

[[package]]
name = "txtlib"
version = "0.1.4"
source = "registry+https://github.com/rust-lang/crates.io-index"
checksum = "a4cdef7a2a6ebcc90d88319a44ecf3483e205f4cc1740faf27d3890b08d3bf6f"

[[package]]
name = "txtweb"
version = "0.1.8"
dependencies = [
 "txtlib",
]
